
Microsoft Visual Studio Solution File, Format Version 12.00
# Visual Studio Version 16
VisualStudioVersion = 16.0.30204.135
MinimumVisualStudioVersion = 10.0.40219.1
Project("{FAE04EC0-301F-11D3-BF4B-00C04F79EFBC}") = "PeerSupport", "PeerSupport.csproj", "{FD107701-C99D-4A86-9AB6-87D4DD3C2C0A}"
EndProject
Global
	GlobalSection(SolutionConfigurationPlatforms) = preSolution
		Debug|Any CPU = Debug|Any CPU
		Release|Any CPU = Release|Any CPU
	EndGlobalSection
	GlobalSection(ProjectConfigurationPlatforms) = postSolution
		{FD107701-C99D-4A86-9AB6-87D4DD3C2C0A}.Debug|Any CPU.ActiveCfg = Debug|Any CPU
		{FD107701-C99D-4A86-9AB6-87D4DD3C2C0A}.Debug|Any CPU.Build.0 = Debug|Any CPU
		{FD107701-C99D-4A86-9AB6-87D4DD3C2C0A}.Release|Any CPU.ActiveCfg = Release|Any CPU
		{FD107701-C99D-4A86-9AB6-87D4DD3C2C0A}.Release|Any CPU.Build.0 = Release|Any CPU
	EndGlobalSection
	GlobalSection(SolutionProperties) = preSolution
		HideSolutionNode = FALSE
	EndGlobalSection
	GlobalSection(ExtensibilityGlobals) = postSolution
		SolutionGuid = {66B0F1A5-456F-4793-98A1-961084B8BC54}
	EndGlobalSection
EndGlobal
